
Microsoft Visual Studio Solution File, Format Version 12.00
# Visual Studio Version 17
VisualStudioVersion = 17.14.36401.2 d17.14
MinimumVisualStudioVersion = 10.0.40219.1
Project("{FAE04EC0-301F-11D3-BF4B-00C04F79EFBC}") = "ToDo_Application", "ToDo_Application\ToDo_Application.csproj", "{8266CDDA-AF4A-404B-9FEE-300B7CC58B9B}"
EndProject
Global
	GlobalSection(SolutionConfigurationPlatforms) = preSolution
		Debug|Any CPU = Debug|Any CPU
		Release|Any CPU = Release|Any CPU
	EndGlobalSection
	GlobalSection(ProjectConfigurationPlatforms) = postSolution
		{8266CDDA-AF4A-404B-9FEE-300B7CC58B9B}.Debug|Any CPU.ActiveCfg = Debug|Any CPU
		{8266CDDA-AF4A-404B-9FEE-300B7CC58B9B}.Debug|Any CPU.Build.0 = Debug|Any CPU
		{8266CDDA-AF4A-404B-9FEE-300B7CC58B9B}.Release|Any CPU.ActiveCfg = Release|Any CPU
		{8266CDDA-AF4A-404B-9FEE-300B7CC58B9B}.Release|Any CPU.Build.0 = Release|Any CPU
	EndGlobalSection
	GlobalSection(SolutionProperties) = preSolution
		HideSolutionNode = FALSE
	EndGlobalSection
	GlobalSection(ExtensibilityGlobals) = postSolution
		SolutionGuid = {CE204847-67FB-4136-A895-9240CC0DF58E}
	EndGlobalSection
EndGlobal
